// !$*UTF8*$!
{
	archiveVersion = 1;
	classes = {
	};
	objectVersion = 50;
	objects = {

/* Begin PBXBuildFile section */
		86368CA0261F641B0010A2C8 /* RecipeDetailView.swift in Sources */ = {isa = PBXBuildFile; fileRef = 86368C9F261F641B0010A2C8 /* RecipeDetailView.swift */; };
		86368CC2261F8A390010A2C8 /* RecipeTabView.swift in Sources */ = {isa = PBXBuildFile; fileRef = 86368CC1261F8A390010A2C8 /* RecipeTabView.swift */; };
		86368CE1261FAFF10010A2C8 /* RecipeFeaturedView.swift in Sources */ = {isa = PBXBuildFile; fileRef = 86368CE0261FAFF10010A2C8 /* RecipeFeaturedView.swift */; };
		869AD5C1261E26A1006F0D2C /* RecipeApp.swift in Sources */ = {isa = PBXBuildFile; fileRef = 869AD5C0261E26A1006F0D2C /* RecipeApp.swift */; };
		869AD5C3261E26A1006F0D2C /* RecipeListView.swift in Sources */ = {isa = PBXBuildFile; fileRef = 869AD5C2261E26A1006F0D2C /* RecipeListView.swift */; };
		869AD5C5261E26A2006F0D2C /* Assets.xcassets in Resources */ = {isa = PBXBuildFile; fileRef = 869AD5C4261E26A2006F0D2C /* Assets.xcassets */; };
		869AD5C8261E26A2006F0D2C /* Preview Assets.xcassets in Resources */ = {isa = PBXBuildFile; fileRef = 869AD5C7261E26A2006F0D2C /* Preview Assets.xcassets */; };
		869AD5D7261E3A0C006F0D2C /* recipes.json in Resources */ = {isa = PBXBuildFile; fileRef = 869AD5D6261E3A0C006F0D2C /* recipes.json */; };
		869AD5DA261E3AB5006F0D2C /* Recipe.swift in Sources */ = {isa = PBXBuildFile; fileRef = 869AD5D9261E3AB5006F0D2C /* Recipe.swift */; };
		869AD5DE261E3C09006F0D2C /* RecipeModel.swift in Sources */ = {isa = PBXBuildFile; fileRef = 869AD5DD261E3C09006F0D2C /* RecipeModel.swift */; };
		869AD5E2261E3E01006F0D2C /* DataService.swift in Sources */ = {isa = PBXBuildFile; fileRef = 869AD5E1261E3E01006F0D2C /* DataService.swift */; };
/* End PBXBuildFile section */

/* Begin PBXFileReference section */
		86368C9F261F641B0010A2C8 /* RecipeDetailView.swift */ = {isa = PBXFileReference; lastKnownFileType = sourcecode.swift; path = RecipeDetailView.swift; sourceTree = "<group>"; };
		86368CC1261F8A390010A2C8 /* RecipeTabView.swift */ = {isa = PBXFileReference; lastKnownFileType = sourcecode.swift; path = RecipeTabView.swift; sourceTree = "<group>"; };
		86368CE0261FAFF10010A2C8 /* RecipeFeaturedView.swift */ = {isa = PBXFileReference; lastKnownFileType = sourcecode.swift; path = RecipeFeaturedView.swift; sourceTree = "<group>"; };
		869AD5BD261E26A1006F0D2C /* RecipeApp.app */ = {isa = PBXFileReference; explicitFileType = wrapper.application; includeInIndex = 0; path = RecipeApp.app; sourceTree = BUILT_PRODUCTS_DIR; };
		869AD5C0261E26A1006F0D2C /* RecipeApp.swift */ = {isa = PBXFileReference; lastKnownFileType = sourcecode.swift; path = RecipeApp.swift; sourceTree = "<group>"; };
		869AD5C2261E26A1006F0D2C /* RecipeListView.swift */ = {isa = PBXFileReference; lastKnownFileType = sourcecode.swift; path = RecipeListView.swift; sourceTree = "<group>"; };
		869AD5C4261E26A2006F0D2C /* Assets.xcassets */ = {isa = PBXFileReference; lastKnownFileType = folder.assetcatalog; path = Assets.xcassets; sourceTree = "<group>"; };
		869AD5C7261E26A2006F0D2C /* Preview Assets.xcassets */ = {isa = PBXFileReference; lastKnownFileType = folder.assetcatalog; path = "Preview Assets.xcassets"; sourceTree = "<group>"; };
		869AD5C9261E26A2006F0D2C /* Info.plist */ = {isa = PBXFileReference; lastKnownFileType = text.plist.xml; path = Info.plist; sourceTree = "<group>"; };
		869AD5D6261E3A0C006F0D2C /* recipes.json */ = {isa = PBXFileReference; fileEncoding = 4; lastKnownFileType = text.json; path = recipes.json; sourceTree = "<group>"; };
		869AD5D9261E3AB5006F0D2C /* Recipe.swift */ = {isa = PBXFileReference; lastKnownFileType = sourcecode.swift; path = Recipe.swift; sourceTree = "<group>"; };
		869AD5DD261E3C09006F0D2C /* RecipeModel.swift */ = {isa = PBXFileReference; lastKnownFileType = sourcecode.swift; path = RecipeModel.swift; sourceTree = "<group>"; };
		869AD5E1261E3E01006F0D2C /* DataService.swift */ = {isa = PBXFileReference; lastKnownFileType = sourcecode.swift; path = DataService.swift; sourceTree = "<group>"; };
/* End PBXFileReference section */

/* Begin PBXFrameworksBuildPhase section */
		869AD5BA261E26A1006F0D2C /* Frameworks */ = {
			isa = PBXFrameworksBuildPhase;
			buildActionMask = 2147483647;
			files = (
			);
			runOnlyForDeploymentPostprocessing = 0;
		};
/* End PBXFrameworksBuildPhase section */

/* Begin PBXGroup section */
		869AD5B4261E26A1006F0D2C = {
			isa = PBXGroup;
			children = (
				869AD5BF261E26A1006F0D2C /* RecipeApp */,
				869AD5BE261E26A1006F0D2C /* Products */,
			);
			sourceTree = "<group>";
		};
		869AD5BE261E26A1006F0D2C /* Products */ = {
			isa = PBXGroup;
			children = (
				869AD5BD261E26A1006F0D2C /* RecipeApp.app */,
			);
			name = Products;
			sourceTree = "<group>";
		};
		869AD5BF261E26A1006F0D2C /* RecipeApp */ = {
			isa = PBXGroup;
			children = (
				869AD5C0261E26A1006F0D2C /* RecipeApp.swift */,
				869AD5D3261E38E2006F0D2C /* Views */,
				869AD5D2261E38D5006F0D2C /* ViewModels */,
				869AD5D1261E38CE006F0D2C /* Models */,
				869AD5D5261E3915006F0D2C /* Services */,
				869AD5D4261E38EA006F0D2C /* Data */,
				869AD5C4261E26A2006F0D2C /* Assets.xcassets */,
				869AD5C9261E26A2006F0D2C /* Info.plist */,
				869AD5C6261E26A2006F0D2C /* Preview Content */,
			);
			path = RecipeApp;
			sourceTree = "<group>";
		};
		869AD5C6261E26A2006F0D2C /* Preview Content */ = {
			isa = PBXGroup;
			children = (
				869AD5C7261E26A2006F0D2C /* Preview Assets.xcassets */,
			);
			path = "Preview Content";
			sourceTree = "<group>";
		};
		869AD5D1261E38CE006F0D2C /* Models */ = {
			isa = PBXGroup;
			children = (
				869AD5D9261E3AB5006F0D2C /* Recipe.swift */,
			);
			path = Models;
			sourceTree = "<group>";
		};
		869AD5D2261E38D5006F0D2C /* ViewModels */ = {
			isa = PBXGroup;
			children = (
				869AD5DD261E3C09006F0D2C /* RecipeModel.swift */,
			);
			path = ViewModels;
			sourceTree = "<group>";
		};
		869AD5D3261E38E2006F0D2C /* Views */ = {
			isa = PBXGroup;
			children = (
				86368CC1261F8A390010A2C8 /* RecipeTabView.swift */,
				86368CE0261FAFF10010A2C8 /* RecipeFeaturedView.swift */,
				869AD5C2261E26A1006F0D2C /* RecipeListView.swift */,
				86368C9F261F641B0010A2C8 /* RecipeDetailView.swift */,
			);
			path = Views;
			sourceTree = "<group>";
		};
		869AD5D4261E38EA006F0D2C /* Data */ = {
			isa = PBXGroup;
			children = (
				869AD5D6261E3A0C006F0D2C /* recipes.json */,
			);
			path = Data;
			sourceTree = "<group>";
		};
		869AD5D5261E3915006F0D2C /* Services */ = {
			isa = PBXGroup;
			children = (
				869AD5E1261E3E01006F0D2C /* DataService.swift */,
			);
			path = Services;
			sourceTree = "<group>";
		};
/* End PBXGroup section */

/* Begin PBXNativeTarget section */
		869AD5BC261E26A1006F0D2C /* RecipeApp */ = {
			isa = PBXNativeTarget;
			buildConfigurationList = 869AD5CC261E26A2006F0D2C /* Build configuration list for PBXNativeTarget "RecipeApp" */;
			buildPhases = (
				869AD5B9261E26A1006F0D2C /* Sources */,
				869AD5BA261E26A1006F0D2C /* Frameworks */,
				869AD5BB261E26A1006F0D2C /* Resources */,
			);
			buildRules = (
			);
			dependencies = (
			);
			name = RecipeApp;
			productName = RecipeApp;
			productReference = 869AD5BD261E26A1006F0D2C /* RecipeApp.app */;
			productType = "com.apple.product-type.application";
		};
/* End PBXNativeTarget section */

/* Begin PBXProject section */
		869AD5B5261E26A1006F0D2C /* Project object */ = {
			isa = PBXProject;
			attributes = {
				LastSwiftUpdateCheck = 1240;
				LastUpgradeCheck = 1240;
				TargetAttributes = {
					869AD5BC261E26A1006F0D2C = {
						CreatedOnToolsVersion = 12.4;
					};
				};
			};
			buildConfigurationList = 869AD5B8261E26A1006F0D2C /* Build configuration list for PBXProject "RecipeApp" */;
			compatibilityVersion = "Xcode 9.3";
			developmentRegion = en;
			hasScannedForEncodings = 0;
			knownRegions = (
				en,
				Base,
			);
			mainGroup = 869AD5B4261E26A1006F0D2C;
			productRefGroup = 869AD5BE261E26A1006F0D2C /* Products */;
			projectDirPath = "";
			projectRoot = "";
			targets = (
				869AD5BC261E26A1006F0D2C /* RecipeApp */,
			);
		};
/* End PBXProject section */

/* Begin PBXResourcesBuildPhase section */
		869AD5BB261E26A1006F0D2C /* Resources */ = {
			isa = PBXResourcesBuildPhase;
			buildActionMask = 2147483647;
			files = (
				869AD5C8261E26A2006F0D2C /* Preview Assets.xcassets in Resources */,
				869AD5D7261E3A0C006F0D2C /* recipes.json in Resources */,
				869AD5C5261E26A2006F0D2C /* Assets.xcassets in Resources */,
			);
			runOnlyForDeploymentPostprocessing = 0;
		};
/* End PBXResourcesBuildPhase section */

/* Begin PBXSourcesBuildPhase section */
		869AD5B9261E26A1006F0D2C /* Sources */ = {
			isa = PBXSourcesBuildPhase;
			buildActionMask = 2147483647;
			files = (
				86368CC2261F8A390010A2C8 /* RecipeTabView.swift in Sources */,
				869AD5DA261E3AB5006F0D2C /* Recipe.swift in Sources */,
				86368CA0261F641B0010A2C8 /* RecipeDetailView.swift in Sources */,
				869AD5DE261E3C09006F0D2C /* RecipeModel.swift in Sources */,
				86368CE1261FAFF10010A2C8 /* RecipeFeaturedView.swift in Sources */,
				869AD5C3261E26A1006F0D2C /* RecipeListView.swift in Sources */,
				869AD5C1261E26A1006F0D2C /* RecipeApp.swift in Sources */,
				869AD5E2261E3E01006F0D2C /* DataService.swift in Sources */,
			);
			runOnlyForDeploymentPostprocessing = 0;
		};
/* End PBXSourcesBuildPhase section */

/* Begin XCBuildConfiguration section */
		869AD5CA261E26A2006F0D2C /* Debug */ = {
			isa = XCBuildConfiguration;
			buildSettings = {
				ALWAYS_SEARCH_USER_PATHS = NO;
				CLANG_ANALYZER_NONNULL = YES;
				CLANG_ANALYZER_NUMBER_OBJECT_CONVERSION = YES_AGGRESSIVE;
				CLANG_CXX_LANGUAGE_STANDARD = "gnu++14";
				CLANG_CXX_LIBRARY = "libc++";
				CLANG_ENABLE_MODULES = YES;
				CLANG_ENABLE_OBJC_ARC = YES;
				CLANG_ENABLE_OBJC_WEAK = YES;
				CLANG_WARN_BLOCK_CAPTURE_AUTORELEASING = YES;
				CLANG_WARN_BOOL_CONVERSION = YES;
				CLANG_WARN_COMMA = YES;
				CLANG_WARN_CONSTANT_CONVERSION = YES;
				CLANG_WARN_DEPRECATED_OBJC_IMPLEMENTATIONS = YES;
				CLANG_WARN_DIRECT_OBJC_ISA_USAGE = YES_ERROR;
				CLANG_WARN_DOCUMENTATION_COMMENTS = YES;
				CLANG_WARN_EMPTY_BODY = YES;
				CLANG_WARN_ENUM_CONVERSION = YES;
				CLANG_WARN_INFINITE_RECURSION = YES;
				CLANG_WARN_INT_CONVERSION = YES;
				CLANG_WARN_NON_LITERAL_NULL_CONVERSION = YES;
				CLANG_WARN_OBJC_IMPLICIT_RETAIN_SELF = YES;
				CLANG_WARN_OBJC_LITERAL_CONVERSION = YES;
				CLANG_WARN_OBJC_ROOT_CLASS = YES_ERROR;
				CLANG_WARN_QUOTED_INCLUDE_IN_FRAMEWORK_HEADER = YES;
				CLANG_WARN_RANGE_LOOP_ANALYSIS = YES;
				CLANG_WARN_STRICT_PROTOTYPES = YES;
				CLANG_WARN_SUSPICIOUS_MOVE = YES;
				CLANG_WARN_UNGUARDED_AVAILABILITY = YES_AGGRESSIVE;
				CLANG_WARN_UNREACHABLE_CODE = YES;
				CLANG_WARN__DUPLICATE_METHOD_MATCH = YES;
				COPY_PHASE_STRIP = NO;
				DEBUG_INFORMATION_FORMAT = dwarf;
				ENABLE_STRICT_OBJC_MSGSEND = YES;
				ENABLE_TESTABILITY = YES;
				GCC_C_LANGUAGE_STANDARD = gnu11;
				GCC_DYNAMIC_NO_PIC = NO;
				GCC_NO_COMMON_BLOCKS = YES;
				GCC_OPTIMIZATION_LEVEL = 0;
				GCC_PREPROCESSOR_DEFINITIONS = (
					"DEBUG=1",
					"$(inherited)",
				);
				GCC_WARN_64_TO_32_BIT_CONVERSION = YES;
				GCC_WARN_ABOUT_RETURN_TYPE = YES_ERROR;
				GCC_WARN_UNDECLARED_SELECTOR = YES;
				GCC_WARN_UNINITIALIZED_AUTOS = YES_AGGRESSIVE;
				GCC_WARN_UNUSED_FUNCTION = YES;
				GCC_WARN_UNUSED_VARIABLE = YES;
				IPHONEOS_DEPLOYMENT_TARGET = 14.4;
				MTL_ENABLE_DEBUG_INFO = INCLUDE_SOURCE;
				MTL_FAST_MATH = YES;
				ONLY_ACTIVE_ARCH = YES;
				SDKROOT = iphoneos;
				SWIFT_ACTIVE_COMPILATION_CONDITIONS = DEBUG;
				SWIFT_OPTIMIZATION_LEVEL = "-Onone";
			};
			name = Debug;
		};
		869AD5CB261E26A2006F0D2C /* Release */ = {
			isa = XCBuildConfiguration;
			buildSettings = {
				ALWAYS_SEARCH_USER_PATHS = NO;
				CLANG_ANALYZER_NONNULL = YES;
				CLANG_ANALYZER_NUMBER_OBJECT_CONVERSION = YES_AGGRESSIVE;
				CLANG_CXX_LANGUAGE_STANDARD = "gnu++14";
				CLANG_CXX_LIBRARY = "libc++";
				CLANG_ENABLE_MODULES = YES;
				CLANG_ENABLE_OBJC_ARC = YES;
				CLANG_ENABLE_OBJC_WEAK = YES;
				CLANG_WARN_BLOCK_CAPTURE_AUTORELEASING = YES;
				CLANG_WARN_BOOL_CONVERSION = YES;
				CLANG_WARN_COMMA = YES;
				CLANG_WARN_CONSTANT_CONVERSION = YES;
				CLANG_WARN_DEPRECATED_OBJC_IMPLEMENTATIONS = YES;
				CLANG_WARN_DIRECT_OBJC_ISA_USAGE = YES_ERROR;
				CLANG_WARN_DOCUMENTATION_COMMENTS = YES;
				CLANG_WARN_EMPTY_BODY = YES;
				CLANG_WARN_ENUM_CONVERSION = YES;
				CLANG_WARN_INFINITE_RECURSION = YES;
				CLANG_WARN_INT_CONVERSION = YES;
				CLANG_WARN_NON_LITERAL_NULL_CONVERSION = YES;
				CLANG_WARN_OBJC_IMPLICIT_RETAIN_SELF = YES;
				CLANG_WARN_OBJC_LITERAL_CONVERSION = YES;
				CLANG_WARN_OBJC_ROOT_CLASS = YES_ERROR;
				CLANG_WARN_QUOTED_INCLUDE_IN_FRAMEWORK_HEADER = YES;
				CLANG_WARN_RANGE_LOOP_ANALYSIS = YES;
				CLANG_WARN_STRICT_PROTOTYPES = YES;
				CLANG_WARN_SUSPICIOUS_MOVE = YES;
				CLANG_WARN_UNGUARDED_AVAILABILITY = YES_AGGRESSIVE;
				CLANG_WARN_UNREACHABLE_CODE = YES;
				CLANG_WARN__DUPLICATE_METHOD_MATCH = YES;
				COPY_PHASE_STRIP = NO;
				DEBUG_INFORMATION_FORMAT = "dwarf-with-dsym";
				ENABLE_NS_ASSERTIONS = NO;
				ENABLE_STRICT_OBJC_MSGSEND = YES;
				GCC_C_LANGUAGE_STANDARD = gnu11;
				GCC_NO_COMMON_BLOCKS = YES;
				GCC_WARN_64_TO_32_BIT_CONVERSION = YES;
				GCC_WARN_ABOUT_RETURN_TYPE = YES_ERROR;
				GCC_WARN_UNDECLARED_SELECTOR = YES;
				GCC_WARN_UNINITIALIZED_AUTOS = YES_AGGRESSIVE;
				GCC_WARN_UNUSED_FUNCTION = YES;
				GCC_WARN_UNUSED_VARIABLE = YES;
				IPHONEOS_DEPLOYMENT_TARGET = 14.4;
				MTL_ENABLE_DEBUG_INFO = NO;
				MTL_FAST_MATH = YES;
				SDKROOT = iphoneos;
				SWIFT_COMPILATION_MODE = wholemodule;
				SWIFT_OPTIMIZATION_LEVEL = "-O";
				VALIDATE_PRODUCT = YES;
			};
			name = Release;
		};
		869AD5CD261E26A2006F0D2C /* Debug */ = {
			isa = XCBuildConfiguration;
			buildSettings = {
				ASSETCATALOG_COMPILER_APPICON_NAME = AppIcon;
				ASSETCATALOG_COMPILER_GLOBAL_ACCENT_COLOR_NAME = AccentColor;
				CODE_SIGN_STYLE = Automatic;
				DEVELOPMENT_ASSET_PATHS = "\"RecipeApp/Preview Content\"";
				DEVELOPMENT_TEAM = 6G55GN6D6R;
				ENABLE_PREVIEWS = YES;
				INFOPLIST_FILE = RecipeApp/Info.plist;
				IPHONEOS_DEPLOYMENT_TARGET = 14.0;
				LD_RUNPATH_SEARCH_PATHS = (
					"$(inherited)",
					"@executable_path/Frameworks",
				);
				PRODUCT_BUNDLE_IDENTIFIER = com.bdrouviere.RecipeApp;
				PRODUCT_NAME = "$(TARGET_NAME)";
				SWIFT_VERSION = 5.0;
				TARGETED_DEVICE_FAMILY = "1,2";
			};
			name = Debug;
		};
		869AD5CE261E26A2006F0D2C /* Release */ = {
			isa = XCBuildConfiguration;
			buildSettings = {
				ASSETCATALOG_COMPILER_APPICON_NAME = AppIcon;
				ASSETCATALOG_COMPILER_GLOBAL_ACCENT_COLOR_NAME = AccentColor;
				CODE_SIGN_STYLE = Automatic;
				DEVELOPMENT_ASSET_PATHS = "\"RecipeApp/Preview Content\"";
				DEVELOPMENT_TEAM = 6G55GN6D6R;
				ENABLE_PREVIEWS = YES;
				INFOPLIST_FILE = RecipeApp/Info.plist;
				IPHONEOS_DEPLOYMENT_TARGET = 14.0;
				LD_RUNPATH_SEARCH_PATHS = (
					"$(inherited)",
					"@executable_path/Frameworks",
				);
				PRODUCT_BUNDLE_IDENTIFIER = com.bdrouviere.RecipeApp;
				PRODUCT_NAME = "$(TARGET_NAME)";
				SWIFT_VERSION = 5.0;
				TARGETED_DEVICE_FAMILY = "1,2";
			};
			name = Release;
		};
/* End XCBuildConfiguration section */

/* Begin XCConfigurationList section */
		869AD5B8261E26A1006F0D2C /* Build configuration list for PBXProject "RecipeApp" */ = {
			isa = XCConfigurationList;
			buildConfigurations = (
				869AD5CA261E26A2006F0D2C /* Debug */,
				869AD5CB261E26A2006F0D2C /* Release */,
			);
			defaultConfigurationIsVisible = 0;
			defaultConfigurationName = Release;
		};
		869AD5CC261E26A2006F0D2C /* Build configuration list for PBXNativeTarget "RecipeApp" */ = {
			isa = XCConfigurationList;
			buildConfigurations = (
				869AD5CD261E26A2006F0D2C /* Debug */,
				869AD5CE261E26A2006F0D2C /* Release */,
			);
			defaultConfigurationIsVisible = 0;
			defaultConfigurationName = Release;
		};
/* End XCConfigurationList section */
	};
	rootObject = 869AD5B5261E26A1006F0D2C /* Project object */;
}
